// !$*UTF8*$!
{
	archiveVersion = 1;
	classes = {
	};
	objectVersion = 50;
	objects = {

/* Begin PBXBuildFile section */
		5B090DFD25E2B54400AC2B1C /* NotebookViewModelDelegate.swift in Sources */ = {isa = PBXBuildFile; fileRef = 5B090DFC25E2B54400AC2B1C /* NotebookViewModelDelegate.swift */; };
		5B090E0225E2B7F600AC2B1C /* NotebookCell.swift in Sources */ = {isa = PBXBuildFile; fileRef = 5B090E0025E2B7F600AC2B1C /* NotebookCell.swift */; };
		5B090E0325E2B7F600AC2B1C /* NotebookCell.xib in Resources */ = {isa = PBXBuildFile; fileRef = 5B090E0125E2B7F600AC2B1C /* NotebookCell.xib */; };
		5B090E0B25E2BC3600AC2B1C /* NotebookCoordinatorDelegate.swift in Sources */ = {isa = PBXBuildFile; fileRef = 5B090E0A25E2BC3600AC2B1C /* NotebookCoordinatorDelegate.swift */; };
		5B090E0F25E2C5AE00AC2B1C /* Note.swift in Sources */ = {isa = PBXBuildFile; fileRef = 5B090E0E25E2C5AE00AC2B1C /* Note.swift */; };
		5B090E1425E2C75600AC2B1C /* NoteCell.swift in Sources */ = {isa = PBXBuildFile; fileRef = 5B090E1225E2C75600AC2B1C /* NoteCell.swift */; };
		5B090E1525E2C75600AC2B1C /* NoteCell.xib in Resources */ = {isa = PBXBuildFile; fileRef = 5B090E1325E2C75600AC2B1C /* NoteCell.xib */; };
		5B090E1B25E2CCB600AC2B1C /* NoteViewModelDelegate.swift in Sources */ = {isa = PBXBuildFile; fileRef = 5B090E1A25E2CCB600AC2B1C /* NoteViewModelDelegate.swift */; };
		5B52056E25E26F6200F69034 /* AppDelegate.swift in Sources */ = {isa = PBXBuildFile; fileRef = 5B52056D25E26F6200F69034 /* AppDelegate.swift */; };
		5B52057025E26F6200F69034 /* SceneDelegate.swift in Sources */ = {isa = PBXBuildFile; fileRef = 5B52056F25E26F6200F69034 /* SceneDelegate.swift */; };
		5B52057725E26F6500F69034 /* Assets.xcassets in Resources */ = {isa = PBXBuildFile; fileRef = 5B52057625E26F6500F69034 /* Assets.xcassets */; };
		5B52057A25E26F6500F69034 /* LaunchScreen.storyboard in Resources */ = {isa = PBXBuildFile; fileRef = 5B52057825E26F6500F69034 /* LaunchScreen.storyboard */; };
		5B52058E25E2742A00F69034 /* Coordinator.swift in Sources */ = {isa = PBXBuildFile; fileRef = 5B52058D25E2742A00F69034 /* Coordinator.swift */; };
		5B52059325E2785B00F69034 /* AppCoordinator.swift in Sources */ = {isa = PBXBuildFile; fileRef = 5B52059225E2785B00F69034 /* AppCoordinator.swift */; };
		5B52059625E279C000F69034 /* NotebookCoodinator.swift in Sources */ = {isa = PBXBuildFile; fileRef = 5B52059525E279C000F69034 /* NotebookCoodinator.swift */; };
		5B52059A25E27A0800F69034 /* NotebookViewController.swift in Sources */ = {isa = PBXBuildFile; fileRef = 5B52059925E27A0800F69034 /* NotebookViewController.swift */; };
		5B52059F25E2807C00F69034 /* NoteViewController.swift in Sources */ = {isa = PBXBuildFile; fileRef = 5B52059E25E2807C00F69034 /* NoteViewController.swift */; };
		5B5205A225E281AB00F69034 /* NotebookViewModel.swift in Sources */ = {isa = PBXBuildFile; fileRef = 5B5205A125E281AB00F69034 /* NotebookViewModel.swift */; };
		5B5205A525E281CA00F69034 /* NotebookCellViewModel.swift in Sources */ = {isa = PBXBuildFile; fileRef = 5B5205A425E281CA00F69034 /* NotebookCellViewModel.swift */; };
		5B5205AA25E281E200F69034 /* NoteViewModel.swift in Sources */ = {isa = PBXBuildFile; fileRef = 5B5205A925E281E200F69034 /* NoteViewModel.swift */; };
		5B5205AD25E281F700F69034 /* NoteCellViewModel.swift in Sources */ = {isa = PBXBuildFile; fileRef = 5B5205AC25E281F700F69034 /* NoteCellViewModel.swift */; };
		5B5205B525E2ADD500F69034 /* UIView+Ext.swift in Sources */ = {isa = PBXBuildFile; fileRef = 5B5205B425E2ADD500F69034 /* UIView+Ext.swift */; };
		5B5205BA25E2B2F000F69034 /* Notebook.swift in Sources */ = {isa = PBXBuildFile; fileRef = 5B5205B925E2B2F000F69034 /* Notebook.swift */; };
/* End PBXBuildFile section */

/* Begin PBXFileReference section */
		5B090DFC25E2B54400AC2B1C /* NotebookViewModelDelegate.swift */ = {isa = PBXFileReference; lastKnownFileType = sourcecode.swift; path = NotebookViewModelDelegate.swift; sourceTree = "<group>"; };
		5B090E0025E2B7F600AC2B1C /* NotebookCell.swift */ = {isa = PBXFileReference; lastKnownFileType = sourcecode.swift; path = NotebookCell.swift; sourceTree = "<group>"; };
		5B090E0125E2B7F600AC2B1C /* NotebookCell.xib */ = {isa = PBXFileReference; lastKnownFileType = file.xib; path = NotebookCell.xib; sourceTree = "<group>"; };
		5B090E0A25E2BC3600AC2B1C /* NotebookCoordinatorDelegate.swift */ = {isa = PBXFileReference; lastKnownFileType = sourcecode.swift; path = NotebookCoordinatorDelegate.swift; sourceTree = "<group>"; };
		5B090E0E25E2C5AE00AC2B1C /* Note.swift */ = {isa = PBXFileReference; lastKnownFileType = sourcecode.swift; path = Note.swift; sourceTree = "<group>"; };
		5B090E1225E2C75600AC2B1C /* NoteCell.swift */ = {isa = PBXFileReference; lastKnownFileType = sourcecode.swift; path = NoteCell.swift; sourceTree = "<group>"; };
		5B090E1325E2C75600AC2B1C /* NoteCell.xib */ = {isa = PBXFileReference; lastKnownFileType = file.xib; path = NoteCell.xib; sourceTree = "<group>"; };
		5B090E1A25E2CCB600AC2B1C /* NoteViewModelDelegate.swift */ = {isa = PBXFileReference; lastKnownFileType = sourcecode.swift; path = NoteViewModelDelegate.swift; sourceTree = "<group>"; };
		5B52056A25E26F6200F69034 /* TheNotebookRealmApp.app */ = {isa = PBXFileReference; explicitFileType = wrapper.application; includeInIndex = 0; path = TheNotebookRealmApp.app; sourceTree = BUILT_PRODUCTS_DIR; };
		5B52056D25E26F6200F69034 /* AppDelegate.swift */ = {isa = PBXFileReference; lastKnownFileType = sourcecode.swift; path = AppDelegate.swift; sourceTree = "<group>"; };
		5B52056F25E26F6200F69034 /* SceneDelegate.swift */ = {isa = PBXFileReference; lastKnownFileType = sourcecode.swift; path = SceneDelegate.swift; sourceTree = "<group>"; };
		5B52057625E26F6500F69034 /* Assets.xcassets */ = {isa = PBXFileReference; lastKnownFileType = folder.assetcatalog; path = Assets.xcassets; sourceTree = "<group>"; };
		5B52057925E26F6500F69034 /* Base */ = {isa = PBXFileReference; lastKnownFileType = file.storyboard; name = Base; path = Base.lproj/LaunchScreen.storyboard; sourceTree = "<group>"; };
		5B52057B25E26F6500F69034 /* Info.plist */ = {isa = PBXFileReference; lastKnownFileType = text.plist.xml; path = Info.plist; sourceTree = "<group>"; };
		5B52058D25E2742A00F69034 /* Coordinator.swift */ = {isa = PBXFileReference; lastKnownFileType = sourcecode.swift; path = Coordinator.swift; sourceTree = "<group>"; };
		5B52059225E2785B00F69034 /* AppCoordinator.swift */ = {isa = PBXFileReference; lastKnownFileType = sourcecode.swift; path = AppCoordinator.swift; sourceTree = "<group>"; };
		5B52059525E279C000F69034 /* NotebookCoodinator.swift */ = {isa = PBXFileReference; lastKnownFileType = sourcecode.swift; path = NotebookCoodinator.swift; sourceTree = "<group>"; };
		5B52059925E27A0800F69034 /* NotebookViewController.swift */ = {isa = PBXFileReference; lastKnownFileType = sourcecode.swift; path = NotebookViewController.swift; sourceTree = "<group>"; };
		5B52059E25E2807C00F69034 /* NoteViewController.swift */ = {isa = PBXFileReference; lastKnownFileType = sourcecode.swift; path = NoteViewController.swift; sourceTree = "<group>"; };
		5B5205A125E281AB00F69034 /* NotebookViewModel.swift */ = {isa = PBXFileReference; lastKnownFileType = sourcecode.swift; path = NotebookViewModel.swift; sourceTree = "<group>"; };
		5B5205A425E281CA00F69034 /* NotebookCellViewModel.swift */ = {isa = PBXFileReference; lastKnownFileType = sourcecode.swift; path = NotebookCellViewModel.swift; sourceTree = "<group>"; };
		5B5205A925E281E200F69034 /* NoteViewModel.swift */ = {isa = PBXFileReference; lastKnownFileType = sourcecode.swift; path = NoteViewModel.swift; sourceTree = "<group>"; };
		5B5205AC25E281F700F69034 /* NoteCellViewModel.swift */ = {isa = PBXFileReference; lastKnownFileType = sourcecode.swift; path = NoteCellViewModel.swift; sourceTree = "<group>"; };
		5B5205B425E2ADD500F69034 /* UIView+Ext.swift */ = {isa = PBXFileReference; lastKnownFileType = sourcecode.swift; path = "UIView+Ext.swift"; sourceTree = "<group>"; };
		5B5205B925E2B2F000F69034 /* Notebook.swift */ = {isa = PBXFileReference; lastKnownFileType = sourcecode.swift; path = Notebook.swift; sourceTree = "<group>"; };
/* End PBXFileReference section */

/* Begin PBXFrameworksBuildPhase section */
		5B52056725E26F6200F69034 /* Frameworks */ = {
			isa = PBXFrameworksBuildPhase;
			buildActionMask = 2147483647;
			files = (
			);
			runOnlyForDeploymentPostprocessing = 0;
		};
/* End PBXFrameworksBuildPhase section */

/* Begin PBXGroup section */
		5B090DFB25E2B52E00AC2B1C /* Protocols */ = {
			isa = PBXGroup;
			children = (
				5B090DFC25E2B54400AC2B1C /* NotebookViewModelDelegate.swift */,
			);
			path = Protocols;
			sourceTree = "<group>";
		};
		5B090E0525E2B7FA00AC2B1C /* Notebook */ = {
			isa = PBXGroup;
			children = (
				5B090E0025E2B7F600AC2B1C /* NotebookCell.swift */,
				5B090E0125E2B7F600AC2B1C /* NotebookCell.xib */,
			);
			path = Notebook;
			sourceTree = "<group>";
		};
		5B090E0925E2BC2100AC2B1C /* Protocols */ = {
			isa = PBXGroup;
			children = (
				5B090E0A25E2BC3600AC2B1C /* NotebookCoordinatorDelegate.swift */,
			);
			path = Protocols;
			sourceTree = "<group>";
		};
		5B090E1125E2C74400AC2B1C /* Note */ = {
			isa = PBXGroup;
			children = (
				5B090E1225E2C75600AC2B1C /* NoteCell.swift */,
				5B090E1325E2C75600AC2B1C /* NoteCell.xib */,
			);
			path = Note;
			sourceTree = "<group>";
		};
		5B090E1925E2CCA500AC2B1C /* Protocols */ = {
			isa = PBXGroup;
			children = (
				5B090E1A25E2CCB600AC2B1C /* NoteViewModelDelegate.swift */,
			);
			path = Protocols;
			sourceTree = "<group>";
		};
		5B52056125E26F6200F69034 = {
			isa = PBXGroup;
			children = (
				5B52056C25E26F6200F69034 /* TheNotebookRealmApp */,
				5B52056B25E26F6200F69034 /* Products */,
			);
			sourceTree = "<group>";
		};
		5B52056B25E26F6200F69034 /* Products */ = {
			isa = PBXGroup;
			children = (
				5B52056A25E26F6200F69034 /* TheNotebookRealmApp.app */,
			);
			name = Products;
			sourceTree = "<group>";
		};
		5B52056C25E26F6200F69034 /* TheNotebookRealmApp */ = {
			isa = PBXGroup;
			children = (
				5B52058325E270F200F69034 /* App */,
				5B5205B325E2ADC300F69034 /* Extensions */,
				5B52058925E2715300F69034 /* Data */,
				5B52058825E2714A00F69034 /* Models */,
				5B52058B25E2717E00F69034 /* Views */,
				5B52059825E279D100F69034 /* Controllers */,
				5B52058A25E2716000F69034 /* ViewModels */,
				5B52058725E2713E00F69034 /* Coordinator */,
				5B52057625E26F6500F69034 /* Assets.xcassets */,
			);
			path = TheNotebookRealmApp;
			sourceTree = "<group>";
		};
		5B52058325E270F200F69034 /* App */ = {
			isa = PBXGroup;
			children = (
				5B52058425E2710600F69034 /* View */,
				5B52056D25E26F6200F69034 /* AppDelegate.swift */,
				5B52056F25E26F6200F69034 /* SceneDelegate.swift */,
				5B52057B25E26F6500F69034 /* Info.plist */,
			);
			path = App;
			sourceTree = "<group>";
		};
		5B52058425E2710600F69034 /* View */ = {
			isa = PBXGroup;
			children = (
				5B52057825E26F6500F69034 /* LaunchScreen.storyboard */,
			);
			path = View;
			sourceTree = "<group>";
		};
		5B52058725E2713E00F69034 /* Coordinator */ = {
			isa = PBXGroup;
			children = (
				5B090E0925E2BC2100AC2B1C /* Protocols */,
				5B52058D25E2742A00F69034 /* Coordinator.swift */,
				5B52059225E2785B00F69034 /* AppCoordinator.swift */,
				5B52059525E279C000F69034 /* NotebookCoodinator.swift */,
			);
			path = Coordinator;
			sourceTree = "<group>";
		};
		5B52058825E2714A00F69034 /* Models */ = {
			isa = PBXGroup;
			children = (
				5B5205B925E2B2F000F69034 /* Notebook.swift */,
				5B090E0E25E2C5AE00AC2B1C /* Note.swift */,
			);
			path = Models;
			sourceTree = "<group>";
		};
		5B52058925E2715300F69034 /* Data */ = {
			isa = PBXGroup;
			children = (
			);
			path = Data;
			sourceTree = "<group>";
		};
		5B52058A25E2716000F69034 /* ViewModels */ = {
			isa = PBXGroup;
			children = (
				5B5205A825E281DB00F69034 /* Note */,
				5B5205A725E281CF00F69034 /* Notebook */,
			);
			path = ViewModels;
			sourceTree = "<group>";
		};
		5B52058B25E2717E00F69034 /* Views */ = {
			isa = PBXGroup;
			children = (
				5B090E1125E2C74400AC2B1C /* Note */,
				5B090E0525E2B7FA00AC2B1C /* Notebook */,
			);
			path = Views;
			sourceTree = "<group>";
		};
		5B52059825E279D100F69034 /* Controllers */ = {
			isa = PBXGroup;
			children = (
				5B52059925E27A0800F69034 /* NotebookViewController.swift */,
				5B52059E25E2807C00F69034 /* NoteViewController.swift */,
			);
			path = Controllers;
			sourceTree = "<group>";
		};
		5B5205A725E281CF00F69034 /* Notebook */ = {
			isa = PBXGroup;
			children = (
				5B090DFB25E2B52E00AC2B1C /* Protocols */,
				5B5205A125E281AB00F69034 /* NotebookViewModel.swift */,
				5B5205A425E281CA00F69034 /* NotebookCellViewModel.swift */,
			);
			path = Notebook;
			sourceTree = "<group>";
		};
		5B5205A825E281DB00F69034 /* Note */ = {
			isa = PBXGroup;
			children = (
				5B090E1925E2CCA500AC2B1C /* Protocols */,
				5B5205A925E281E200F69034 /* NoteViewModel.swift */,
				5B5205AC25E281F700F69034 /* NoteCellViewModel.swift */,
			);
			path = Note;
			sourceTree = "<group>";
		};
		5B5205B325E2ADC300F69034 /* Extensions */ = {
			isa = PBXGroup;
			children = (
				5B5205B425E2ADD500F69034 /* UIView+Ext.swift */,
			);
			path = Extensions;
			sourceTree = "<group>";
		};
/* End PBXGroup section */

/* Begin PBXNativeTarget section */
		5B52056925E26F6200F69034 /* TheNotebookRealmApp */ = {
			isa = PBXNativeTarget;
			buildConfigurationList = 5B52057E25E26F6500F69034 /* Build configuration list for PBXNativeTarget "TheNotebookRealmApp" */;
			buildPhases = (
				5B52056625E26F6200F69034 /* Sources */,
				5B52056725E26F6200F69034 /* Frameworks */,
				5B52056825E26F6200F69034 /* Resources */,
			);
			buildRules = (
			);
			dependencies = (
			);
			name = TheNotebookRealmApp;
			productName = TheNotebookRealmApp;
			productReference = 5B52056A25E26F6200F69034 /* TheNotebookRealmApp.app */;
			productType = "com.apple.product-type.application";
		};
/* End PBXNativeTarget section */

/* Begin PBXProject section */
		5B52056225E26F6200F69034 /* Project object */ = {
			isa = PBXProject;
			attributes = {
				LastSwiftUpdateCheck = 1240;
				LastUpgradeCheck = 1240;
				TargetAttributes = {
					5B52056925E26F6200F69034 = {
						CreatedOnToolsVersion = 12.4;
					};
				};
			};
			buildConfigurationList = 5B52056525E26F6200F69034 /* Build configuration list for PBXProject "TheNotebookRealmApp" */;
			compatibilityVersion = "Xcode 9.3";
			developmentRegion = en;
			hasScannedForEncodings = 0;
			knownRegions = (
				en,
				Base,
			);
			mainGroup = 5B52056125E26F6200F69034;
			productRefGroup = 5B52056B25E26F6200F69034 /* Products */;
			projectDirPath = "";
			projectRoot = "";
			targets = (
				5B52056925E26F6200F69034 /* TheNotebookRealmApp */,
			);
		};
/* End PBXProject section */

/* Begin PBXResourcesBuildPhase section */
		5B52056825E26F6200F69034 /* Resources */ = {
			isa = PBXResourcesBuildPhase;
			buildActionMask = 2147483647;
			files = (
				5B52057A25E26F6500F69034 /* LaunchScreen.storyboard in Resources */,
				5B52057725E26F6500F69034 /* Assets.xcassets in Resources */,
				5B090E0325E2B7F600AC2B1C /* NotebookCell.xib in Resources */,
				5B090E1525E2C75600AC2B1C /* NoteCell.xib in Resources */,
			);
			runOnlyForDeploymentPostprocessing = 0;
		};
/* End PBXResourcesBuildPhase section */

/* Begin PBXSourcesBuildPhase section */
		5B52056625E26F6200F69034 /* Sources */ = {
			isa = PBXSourcesBuildPhase;
			buildActionMask = 2147483647;
			files = (
				5B090DFD25E2B54400AC2B1C /* NotebookViewModelDelegate.swift in Sources */,
				5B5205A525E281CA00F69034 /* NotebookCellViewModel.swift in Sources */,
				5B52059F25E2807C00F69034 /* NoteViewController.swift in Sources */,
				5B090E0B25E2BC3600AC2B1C /* NotebookCoordinatorDelegate.swift in Sources */,
				5B5205AD25E281F700F69034 /* NoteCellViewModel.swift in Sources */,
				5B090E0F25E2C5AE00AC2B1C /* Note.swift in Sources */,
				5B52058E25E2742A00F69034 /* Coordinator.swift in Sources */,
				5B52059625E279C000F69034 /* NotebookCoodinator.swift in Sources */,
				5B52059325E2785B00F69034 /* AppCoordinator.swift in Sources */,
				5B5205BA25E2B2F000F69034 /* Notebook.swift in Sources */,
				5B5205AA25E281E200F69034 /* NoteViewModel.swift in Sources */,
				5B52059A25E27A0800F69034 /* NotebookViewController.swift in Sources */,
				5B52056E25E26F6200F69034 /* AppDelegate.swift in Sources */,
				5B5205B525E2ADD500F69034 /* UIView+Ext.swift in Sources */,
				5B090E1B25E2CCB600AC2B1C /* NoteViewModelDelegate.swift in Sources */,
				5B52057025E26F6200F69034 /* SceneDelegate.swift in Sources */,
				5B090E1425E2C75600AC2B1C /* NoteCell.swift in Sources */,
				5B090E0225E2B7F600AC2B1C /* NotebookCell.swift in Sources */,
				5B5205A225E281AB00F69034 /* NotebookViewModel.swift in Sources */,
			);
			runOnlyForDeploymentPostprocessing = 0;
		};
/* End PBXSourcesBuildPhase section */

/* Begin PBXVariantGroup section */
		5B52057825E26F6500F69034 /* LaunchScreen.storyboard */ = {
			isa = PBXVariantGroup;
			children = (
				5B52057925E26F6500F69034 /* Base */,
			);
			name = LaunchScreen.storyboard;
			sourceTree = "<group>";
		};
/* End PBXVariantGroup section */

/* Begin XCBuildConfiguration section */
		5B52057C25E26F6500F69034 /* Debug */ = {
			isa = XCBuildConfiguration;
			buildSettings = {
				ALWAYS_SEARCH_USER_PATHS = NO;
				CLANG_ANALYZER_NONNULL = YES;
				CLANG_ANALYZER_NUMBER_OBJECT_CONVERSION = YES_AGGRESSIVE;
				CLANG_CXX_LANGUAGE_STANDARD = "gnu++14";
				CLANG_CXX_LIBRARY = "libc++";
				CLANG_ENABLE_MODULES = YES;
				CLANG_ENABLE_OBJC_ARC = YES;
				CLANG_ENABLE_OBJC_WEAK = YES;
				CLANG_WARN_BLOCK_CAPTURE_AUTORELEASING = YES;
				CLANG_WARN_BOOL_CONVERSION = YES;
				CLANG_WARN_COMMA = YES;
				CLANG_WARN_CONSTANT_CONVERSION = YES;
				CLANG_WARN_DEPRECATED_OBJC_IMPLEMENTATIONS = YES;
				CLANG_WARN_DIRECT_OBJC_ISA_USAGE = YES_ERROR;
				CLANG_WARN_DOCUMENTATION_COMMENTS = YES;
				CLANG_WARN_EMPTY_BODY = YES;
				CLANG_WARN_ENUM_CONVERSION = YES;
				CLANG_WARN_INFINITE_RECURSION = YES;
				CLANG_WARN_INT_CONVERSION = YES;
				CLANG_WARN_NON_LITERAL_NULL_CONVERSION = YES;
				CLANG_WARN_OBJC_IMPLICIT_RETAIN_SELF = YES;
				CLANG_WARN_OBJC_LITERAL_CONVERSION = YES;
				CLANG_WARN_OBJC_ROOT_CLASS = YES_ERROR;
				CLANG_WARN_QUOTED_INCLUDE_IN_FRAMEWORK_HEADER = YES;
				CLANG_WARN_RANGE_LOOP_ANALYSIS = YES;
				CLANG_WARN_STRICT_PROTOTYPES = YES;
				CLANG_WARN_SUSPICIOUS_MOVE = YES;
				CLANG_WARN_UNGUARDED_AVAILABILITY = YES_AGGRESSIVE;
				CLANG_WARN_UNREACHABLE_CODE = YES;
				CLANG_WARN__DUPLICATE_METHOD_MATCH = YES;
				COPY_PHASE_STRIP = NO;
				DEBUG_INFORMATION_FORMAT = dwarf;
				ENABLE_STRICT_OBJC_MSGSEND = YES;
				ENABLE_TESTABILITY = YES;
				GCC_C_LANGUAGE_STANDARD = gnu11;
				GCC_DYNAMIC_NO_PIC = NO;
				GCC_NO_COMMON_BLOCKS = YES;
				GCC_OPTIMIZATION_LEVEL = 0;
				GCC_PREPROCESSOR_DEFINITIONS = (
					"DEBUG=1",
					"$(inherited)",
				);
				GCC_WARN_64_TO_32_BIT_CONVERSION = YES;
				GCC_WARN_ABOUT_RETURN_TYPE = YES_ERROR;
				GCC_WARN_UNDECLARED_SELECTOR = YES;
				GCC_WARN_UNINITIALIZED_AUTOS = YES_AGGRESSIVE;
				GCC_WARN_UNUSED_FUNCTION = YES;
				GCC_WARN_UNUSED_VARIABLE = YES;
				IPHONEOS_DEPLOYMENT_TARGET = 13.0;
				MTL_ENABLE_DEBUG_INFO = INCLUDE_SOURCE;
				MTL_FAST_MATH = YES;
				ONLY_ACTIVE_ARCH = YES;
				SDKROOT = iphoneos;
				SWIFT_ACTIVE_COMPILATION_CONDITIONS = DEBUG;
				SWIFT_OPTIMIZATION_LEVEL = "-Onone";
			};
			name = Debug;
		};
		5B52057D25E26F6500F69034 /* Release */ = {
			isa = XCBuildConfiguration;
			buildSettings = {
				ALWAYS_SEARCH_USER_PATHS = NO;
				CLANG_ANALYZER_NONNULL = YES;
				CLANG_ANALYZER_NUMBER_OBJECT_CONVERSION = YES_AGGRESSIVE;
				CLANG_CXX_LANGUAGE_STANDARD = "gnu++14";
				CLANG_CXX_LIBRARY = "libc++";
				CLANG_ENABLE_MODULES = YES;
				CLANG_ENABLE_OBJC_ARC = YES;
				CLANG_ENABLE_OBJC_WEAK = YES;
				CLANG_WARN_BLOCK_CAPTURE_AUTORELEASING = YES;
				CLANG_WARN_BOOL_CONVERSION = YES;
				CLANG_WARN_COMMA = YES;
				CLANG_WARN_CONSTANT_CONVERSION = YES;
				CLANG_WARN_DEPRECATED_OBJC_IMPLEMENTATIONS = YES;
				CLANG_WARN_DIRECT_OBJC_ISA_USAGE = YES_ERROR;
				CLANG_WARN_DOCUMENTATION_COMMENTS = YES;
				CLANG_WARN_EMPTY_BODY = YES;
				CLANG_WARN_ENUM_CONVERSION = YES;
				CLANG_WARN_INFINITE_RECURSION = YES;
				CLANG_WARN_INT_CONVERSION = YES;
				CLANG_WARN_NON_LITERAL_NULL_CONVERSION = YES;
				CLANG_WARN_OBJC_IMPLICIT_RETAIN_SELF = YES;
				CLANG_WARN_OBJC_LITERAL_CONVERSION = YES;
				CLANG_WARN_OBJC_ROOT_CLASS = YES_ERROR;
				CLANG_WARN_QUOTED_INCLUDE_IN_FRAMEWORK_HEADER = YES;
				CLANG_WARN_RANGE_LOOP_ANALYSIS = YES;
				CLANG_WARN_STRICT_PROTOTYPES = YES;
				CLANG_WARN_SUSPICIOUS_MOVE = YES;
				CLANG_WARN_UNGUARDED_AVAILABILITY = YES_AGGRESSIVE;
				CLANG_WARN_UNREACHABLE_CODE = YES;
				CLANG_WARN__DUPLICATE_METHOD_MATCH = YES;
				COPY_PHASE_STRIP = NO;
				DEBUG_INFORMATION_FORMAT = "dwarf-with-dsym";
				ENABLE_NS_ASSERTIONS = NO;
				ENABLE_STRICT_OBJC_MSGSEND = YES;
				GCC_C_LANGUAGE_STANDARD = gnu11;
				GCC_NO_COMMON_BLOCKS = YES;
				GCC_WARN_64_TO_32_BIT_CONVERSION = YES;
				GCC_WARN_ABOUT_RETURN_TYPE = YES_ERROR;
				GCC_WARN_UNDECLARED_SELECTOR = YES;
				GCC_WARN_UNINITIALIZED_AUTOS = YES_AGGRESSIVE;
				GCC_WARN_UNUSED_FUNCTION = YES;
				GCC_WARN_UNUSED_VARIABLE = YES;
				IPHONEOS_DEPLOYMENT_TARGET = 13.0;
				MTL_ENABLE_DEBUG_INFO = NO;
				MTL_FAST_MATH = YES;
				SDKROOT = iphoneos;
				SWIFT_COMPILATION_MODE = wholemodule;
				SWIFT_OPTIMIZATION_LEVEL = "-O";
				VALIDATE_PRODUCT = YES;
			};
			name = Release;
		};
		5B52057F25E26F6500F69034 /* Debug */ = {
			isa = XCBuildConfiguration;
			buildSettings = {
				ASSETCATALOG_COMPILER_APPICON_NAME = AppIcon;
				ASSETCATALOG_COMPILER_GLOBAL_ACCENT_COLOR_NAME = AccentColor;
				CODE_SIGN_STYLE = Automatic;
				DEVELOPMENT_TEAM = 2Q7F87669V;
				INFOPLIST_FILE = TheNotebookRealmApp/App/Info.plist;
				LD_RUNPATH_SEARCH_PATHS = (
					"$(inherited)",
					"@executable_path/Frameworks",
				);
				PRODUCT_BUNDLE_IDENTIFIER = by.rodri.TheNotebookRealmApp;
				PRODUCT_NAME = "$(TARGET_NAME)";
				SWIFT_VERSION = 5.0;
				TARGETED_DEVICE_FAMILY = "1,2";
			};
			name = Debug;
		};
		5B52058025E26F6500F69034 /* Release */ = {
			isa = XCBuildConfiguration;
			buildSettings = {
				ASSETCATALOG_COMPILER_APPICON_NAME = AppIcon;
				ASSETCATALOG_COMPILER_GLOBAL_ACCENT_COLOR_NAME = AccentColor;
				CODE_SIGN_STYLE = Automatic;
				DEVELOPMENT_TEAM = 2Q7F87669V;
				INFOPLIST_FILE = TheNotebookRealmApp/App/Info.plist;
				LD_RUNPATH_SEARCH_PATHS = (
					"$(inherited)",
					"@executable_path/Frameworks",
				);
				PRODUCT_BUNDLE_IDENTIFIER = by.rodri.TheNotebookRealmApp;
				PRODUCT_NAME = "$(TARGET_NAME)";
				SWIFT_VERSION = 5.0;
				TARGETED_DEVICE_FAMILY = "1,2";
			};
			name = Release;
		};
/* End XCBuildConfiguration section */

/* Begin XCConfigurationList section */
		5B52056525E26F6200F69034 /* Build configuration list for PBXProject "TheNotebookRealmApp" */ = {
			isa = XCConfigurationList;
			buildConfigurations = (
				5B52057C25E26F6500F69034 /* Debug */,
				5B52057D25E26F6500F69034 /* Release */,
			);
			defaultConfigurationIsVisible = 0;
			defaultConfigurationName = Release;
		};
		5B52057E25E26F6500F69034 /* Build configuration list for PBXNativeTarget "TheNotebookRealmApp" */ = {
			isa = XCConfigurationList;
			buildConfigurations = (
				5B52057F25E26F6500F69034 /* Debug */,
				5B52058025E26F6500F69034 /* Release */,
			);
			defaultConfigurationIsVisible = 0;
			defaultConfigurationName = Release;
		};
/* End XCConfigurationList section */
	};
	rootObject = 5B52056225E26F6200F69034 /* Project object */;
}
